
Microsoft Visual Studio Solution File, Format Version 12.00
# Visual Studio Version 17
VisualStudioVersion = 17.0.32126.317
MinimumVisualStudioVersion = 10.0.40219.1
Project("{9A19103F-16F7-4668-BE54-9A1E7A4F7556}") = "2021-1_SpringChallenge", "2021-1_SpringChallenge\2021-1_SpringChallenge.csproj", "{36D7CAE0-AF95-4085-84E9-186EF6958D87}"
EndProject
Project("{9A19103F-16F7-4668-BE54-9A1E7A4F7556}") = "2020-2_FallChallenge", "2020-2_FallChallenge\2020-2_FallChallenge.csproj", "{D229852D-BDED-49F2-9F9E-C68276AB723C}"
EndProject
Project("{9A19103F-16F7-4668-BE54-9A1E7A4F7556}") = "UltimateTicTacToe", "UltimateTicTacToe\UltimateTicTacToe.csproj", "{346C88E6-EA74-4874-A334-8D7A200B9F10}"
EndProject
Project("{9A19103F-16F7-4668-BE54-9A1E7A4F7556}") = "UltimateTicTacToeTest", "UltimateTicTacToeTest\UltimateTicTacToeTest.csproj", "{D1DED8DE-1D5E-4ED7-901C-160C776FF7AD}"
EndProject
Project("{9A19103F-16F7-4668-BE54-9A1E7A4F7556}") = "CodeVsZombies", "CodeVsZombies\CodeVsZombies.csproj", "{BE615E3F-5074-45AA-9A14-321AF30F11C2}"
EndProject
Project("{9A19103F-16F7-4668-BE54-9A1E7A4F7556}") = "DontPanic_Episode1", "DontPanic_Episode1\DontPanic_Episode1.csproj", "{A6E19732-C260-4009-AF4A-2748C0128243}"
EndProject
Project("{9A19103F-16F7-4668-BE54-9A1E7A4F7556}") = "War", "War\War.csproj", "{38A37FFB-4298-4E85-B348-F2A9AAF88F98}"
EndProject
Project("{9A19103F-16F7-4668-BE54-9A1E7A4F7556}") = "MarsLander", "MarsLander\MarsLander.csproj", "{9A633970-AB80-4F15-B76D-057F4E527818}"
EndProject
Project("{9A19103F-16F7-4668-BE54-9A1E7A4F7556}") = "Connect4", "Connect4\Connect4.csproj", "{10C0362F-DF13-44F5-8D66-27513EC8F610}"
EndProject
Project("{9A19103F-16F7-4668-BE54-9A1E7A4F7556}") = "Connect4Tests", "Connect4Tests\Connect4Tests.csproj", "{64A2935D-4027-4EFF-98FA-476FE23264B6}"
EndProject
Project("{9A19103F-16F7-4668-BE54-9A1E7A4F7556}") = "RobotShow", "RobotShow\RobotShow.csproj", "{A843951A-1447-410E-9652-1CE1E9A8A555}"
EndProject
Project("{9A19103F-16F7-4668-BE54-9A1E7A4F7556}") = "CodeRoyale", "CodeRoyale\CodeRoyale.csproj", "{7215FDEC-2287-40AD-87BA-DA0A59684B7A}"
EndProject
Project("{9A19103F-16F7-4668-BE54-9A1E7A4F7556}") = "FileConcatenator", "FileConcatenator\FileConcatenator.csproj", "{2585E575-C72D-4FFC-B365-8DCC44F298CD}"
EndProject
Project("{9A19103F-16F7-4668-BE54-9A1E7A4F7556}") = "GhostInTheCell", "GhostInTheCell\GhostInTheCell.csproj", "{0B7AC5BC-303C-473D-AE19-D0E5557F26D9}"
EndProject
Project("{9A19103F-16F7-4668-BE54-9A1E7A4F7556}") = "TronBattle", "LineRacing\TronBattle.csproj", "{294AE615-6E08-4214-947D-150C4F8424E5}"
EndProject
Project("{9A19103F-16F7-4668-BE54-9A1E7A4F7556}") = "CoinGuesser", "CoinGuesser\CoinGuesser.csproj", "{B1E0EED5-66F0-4545-A96C-CC59AA8CED36}"
EndProject
Project("{9A19103F-16F7-4668-BE54-9A1E7A4F7556}") = "WinamaxGolf", "WinamaxGolf\WinamaxGolf.csproj", "{D9B2400A-0DDF-442C-8DEB-8DE02B93EAE0}"
EndProject
Project("{9A19103F-16F7-4668-BE54-9A1E7A4F7556}") = "WinamaxGolfTests", "WinamaxGolfTests\WinamaxGolfTests.csproj", "{EB43A889-7097-4529-9FAC-AAB059D6FCE3}"
EndProject
Project("{9A19103F-16F7-4668-BE54-9A1E7A4F7556}") = "2022-1_SpringChallenge", "2022-1_SpringChallenge\2022-1_SpringChallenge.csproj", "{A19FB00D-FC72-48D6-8F4C-D63EA6734EF0}"
EndProject
Project("{9A19103F-16F7-4668-BE54-9A1E7A4F7556}") = "2022-1_SpringChallengeTests", "2022-1_SpringChallengeTests\2022-1_SpringChallengeTests.csproj", "{41F5D9FC-AA85-48C3-A3E2-6B3D0E33EEE9}"
EndProject
Project("{9A19103F-16F7-4668-BE54-9A1E7A4F7556}") = "2024-1_FallChallenge-SeleniaCity", "2024-1_FallChallenge-SeleniaCity\2024-1_FallChallenge-SeleniaCity.csproj", "{CC2738D0-1AF8-49A1-8DC0-4FC321054D9C}"
EndProject
Project("{FAE04EC0-301F-11D3-BF4B-00C04F79EFBC}") = "2020-1_SpringChallenge", "2020-1_SpringChallenge\2020-1_SpringChallenge.csproj", "{D25D6D80-943B-4D32-ADAF-56A913627276}"
EndProject
Project("{FAE04EC0-301F-11D3-BF4B-00C04F79EFBC}") = "2024-2_WinterChallenge", "2024-2_WinterChallenge\2024-2_WinterChallenge.csproj", "{0B474372-74DC-43AB-AC77-B70E71FB111B}"
EndProject
Project("{FAE04EC0-301F-11D3-BF4B-00C04F79EFBC}") = "2024-2_WinterChallengeTests", "2024-2_WinterChallengeTests\2024-2_WinterChallengeTests.csproj", "{D0A616ED-CEB4-4528-B209-CA12B76318E1}"
EndProject
Project("{FAE04EC0-301F-11D3-BF4B-00C04F79EFBC}") = "2025-1_Summer_SoakOverflow", "2025-1_Summer_SoakOverflow\2025-1_Summer_SoakOverflow.csproj", "{4FFEA7EB-64BE-4F94-A6BA-8209E06C5A7D}"
EndProject
Project("{FAE04EC0-301F-11D3-BF4B-00C04F79EFBC}") = "2025-1_Summer_SoakOverflowTests", "2025-1_Summer_SoakOverflowTests\2025-1_Summer_SoakOverflowTests.csproj", "{07684291-7F84-4ED9-9A9F-877DE9223789}"
EndProject
Project("{2150E333-8FDC-42A3-9474-1A3956D46DE8}") = "BotEvents", "BotEvents", "{02EA681E-C7D8-13C7-8484-4AC65E1B71E8}"
EndProject
Project("{2150E333-8FDC-42A3-9474-1A3956D46DE8}") = "BotProgramming", "BotProgramming", "{648E4F96-B7AD-47A1-AA96-41BDE2AF8CFC}"
EndProject
Project("{2150E333-8FDC-42A3-9474-1A3956D46DE8}") = "Optimizations", "Optimizations", "{F51DBC2E-5DFA-4C9D-B8AF-5631BCDDD044}"
EndProject
Project("{2150E333-8FDC-42A3-9474-1A3956D46DE8}") = "Puzzles", "Puzzles", "{07334EED-5C63-4299-895B-8D1E0312691D}"
EndProject
Project("{2150E333-8FDC-42A3-9474-1A3956D46DE8}") = "01 - Easy", "01 - Easy", "{E058EFC0-365D-4FA6-B69B-F2B8BA80E13E}"
EndProject
Project("{2150E333-8FDC-42A3-9474-1A3956D46DE8}") = "02 - Medium", "02 - Medium", "{857E8D71-050C-4846-BC98-E53074A42E17}"
EndProject
Project("{2150E333-8FDC-42A3-9474-1A3956D46DE8}") = "03 - Hard", "03 - Hard", "{E7D93050-938A-4EFC-BDF0-F54BDC7C2693}"
EndProject
Project("{2150E333-8FDC-42A3-9474-1A3956D46DE8}") = "Solution Items", "Solution Items", "{8EC462FD-D22E-90A8-E5CE-7E832BA40C5D}"
	ProjectSection(SolutionItems) = preProject
		README.md = README.md
	EndProjectSection
EndProject
Global
	GlobalSection(SolutionConfigurationPlatforms) = preSolution
		Debug|Any CPU = Debug|Any CPU
		Debug|x86 = Debug|x86
		Release|Any CPU = Release|Any CPU
		Release|x86 = Release|x86
	EndGlobalSection
	GlobalSection(ProjectConfigurationPlatforms) = postSolution
		{36D7CAE0-AF95-4085-84E9-186EF6958D87}.Debug|Any CPU.ActiveCfg = Debug|Any CPU
		{36D7CAE0-AF95-4085-84E9-186EF6958D87}.Debug|Any CPU.Build.0 = Debug|Any CPU
		{36D7CAE0-AF95-4085-84E9-186EF6958D87}.Debug|x86.ActiveCfg = Debug|Any CPU
		{36D7CAE0-AF95-4085-84E9-186EF6958D87}.Debug|x86.Build.0 = Debug|Any CPU
		{36D7CAE0-AF95-4085-84E9-186EF6958D87}.Release|Any CPU.ActiveCfg = Release|Any CPU
		{36D7CAE0-AF95-4085-84E9-186EF6958D87}.Release|Any CPU.Build.0 = Release|Any CPU
		{36D7CAE0-AF95-4085-84E9-186EF6958D87}.Release|x86.ActiveCfg = Release|Any CPU
		{36D7CAE0-AF95-4085-84E9-186EF6958D87}.Release|x86.Build.0 = Release|Any CPU
		{D229852D-BDED-49F2-9F9E-C68276AB723C}.Debug|Any CPU.ActiveCfg = Debug|Any CPU
		{D229852D-BDED-49F2-9F9E-C68276AB723C}.Debug|Any CPU.Build.0 = Debug|Any CPU
		{D229852D-BDED-49F2-9F9E-C68276AB723C}.Debug|x86.ActiveCfg = Debug|Any CPU
		{D229852D-BDED-49F2-9F9E-C68276AB723C}.Debug|x86.Build.0 = Debug|Any CPU
		{D229852D-BDED-49F2-9F9E-C68276AB723C}.Release|Any CPU.ActiveCfg = Release|Any CPU
		{D229852D-BDED-49F2-9F9E-C68276AB723C}.Release|Any CPU.Build.0 = Release|Any CPU
		{D229852D-BDED-49F2-9F9E-C68276AB723C}.Release|x86.ActiveCfg = Release|Any CPU
		{D229852D-BDED-49F2-9F9E-C68276AB723C}.Release|x86.Build.0 = Release|Any CPU
		{346C88E6-EA74-4874-A334-8D7A200B9F10}.Debug|Any CPU.ActiveCfg = Debug|Any CPU
		{346C88E6-EA74-4874-A334-8D7A200B9F10}.Debug|Any CPU.Build.0 = Debug|Any CPU
		{346C88E6-EA74-4874-A334-8D7A200B9F10}.Debug|x86.ActiveCfg = Debug|Any CPU
		{346C88E6-EA74-4874-A334-8D7A200B9F10}.Debug|x86.Build.0 = Debug|Any CPU
		{346C88E6-EA74-4874-A334-8D7A200B9F10}.Release|Any CPU.ActiveCfg = Release|Any CPU
		{346C88E6-EA74-4874-A334-8D7A200B9F10}.Release|Any CPU.Build.0 = Release|Any CPU
		{346C88E6-EA74-4874-A334-8D7A200B9F10}.Release|x86.ActiveCfg = Release|Any CPU
		{346C88E6-EA74-4874-A334-8D7A200B9F10}.Release|x86.Build.0 = Release|Any CPU
		{D1DED8DE-1D5E-4ED7-901C-160C776FF7AD}.Debug|Any CPU.ActiveCfg = Debug|Any CPU
		{D1DED8DE-1D5E-4ED7-901C-160C776FF7AD}.Debug|Any CPU.Build.0 = Debug|Any CPU
		{D1DED8DE-1D5E-4ED7-901C-160C776FF7AD}.Debug|x86.ActiveCfg = Debug|Any CPU
		{D1DED8DE-1D5E-4ED7-901C-160C776FF7AD}.Debug|x86.Build.0 = Debug|Any CPU
		{D1DED8DE-1D5E-4ED7-901C-160C776FF7AD}.Release|Any CPU.ActiveCfg = Release|Any CPU
		{D1DED8DE-1D5E-4ED7-901C-160C776FF7AD}.Release|Any CPU.Build.0 = Release|Any CPU
		{D1DED8DE-1D5E-4ED7-901C-160C776FF7AD}.Release|x86.ActiveCfg = Release|Any CPU
		{D1DED8DE-1D5E-4ED7-901C-160C776FF7AD}.Release|x86.Build.0 = Release|Any CPU
		{BE615E3F-5074-45AA-9A14-321AF30F11C2}.Debug|Any CPU.ActiveCfg = Debug|Any CPU
		{BE615E3F-5074-45AA-9A14-321AF30F11C2}.Debug|Any CPU.Build.0 = Debug|Any CPU
		{BE615E3F-5074-45AA-9A14-321AF30F11C2}.Debug|x86.ActiveCfg = Debug|Any CPU
		{BE615E3F-5074-45AA-9A14-321AF30F11C2}.Debug|x86.Build.0 = Debug|Any CPU
		{BE615E3F-5074-45AA-9A14-321AF30F11C2}.Release|Any CPU.ActiveCfg = Release|Any CPU
		{BE615E3F-5074-45AA-9A14-321AF30F11C2}.Release|Any CPU.Build.0 = Release|Any CPU
		{BE615E3F-5074-45AA-9A14-321AF30F11C2}.Release|x86.ActiveCfg = Release|Any CPU
		{BE615E3F-5074-45AA-9A14-321AF30F11C2}.Release|x86.Build.0 = Release|Any CPU
		{A6E19732-C260-4009-AF4A-2748C0128243}.Debug|Any CPU.ActiveCfg = Debug|Any CPU
		{A6E19732-C260-4009-AF4A-2748C0128243}.Debug|Any CPU.Build.0 = Debug|Any CPU
		{A6E19732-C260-4009-AF4A-2748C0128243}.Debug|x86.ActiveCfg = Debug|Any CPU
		{A6E19732-C260-4009-AF4A-2748C0128243}.Debug|x86.Build.0 = Debug|Any CPU
		{A6E19732-C260-4009-AF4A-2748C0128243}.Release|Any CPU.ActiveCfg = Release|Any CPU
		{A6E19732-C260-4009-AF4A-2748C0128243}.Release|Any CPU.Build.0 = Release|Any CPU
		{A6E19732-C260-4009-AF4A-2748C0128243}.Release|x86.ActiveCfg = Release|Any CPU
		{A6E19732-C260-4009-AF4A-2748C0128243}.Release|x86.Build.0 = Release|Any CPU
		{38A37FFB-4298-4E85-B348-F2A9AAF88F98}.Debug|Any CPU.ActiveCfg = Debug|Any CPU
		{38A37FFB-4298-4E85-B348-F2A9AAF88F98}.Debug|Any CPU.Build.0 = Debug|Any CPU
		{38A37FFB-4298-4E85-B348-F2A9AAF88F98}.Debug|x86.ActiveCfg = Debug|Any CPU
		{38A37FFB-4298-4E85-B348-F2A9AAF88F98}.Debug|x86.Build.0 = Debug|Any CPU
		{38A37FFB-4298-4E85-B348-F2A9AAF88F98}.Release|Any CPU.ActiveCfg = Release|Any CPU
		{38A37FFB-4298-4E85-B348-F2A9AAF88F98}.Release|Any CPU.Build.0 = Release|Any CPU
		{38A37FFB-4298-4E85-B348-F2A9AAF88F98}.Release|x86.ActiveCfg = Release|Any CPU
		{38A37FFB-4298-4E85-B348-F2A9AAF88F98}.Release|x86.Build.0 = Release|Any CPU
		{9A633970-AB80-4F15-B76D-057F4E527818}.Debug|Any CPU.ActiveCfg = Debug|Any CPU
		{9A633970-AB80-4F15-B76D-057F4E527818}.Debug|Any CPU.Build.0 = Debug|Any CPU
		{9A633970-AB80-4F15-B76D-057F4E527818}.Debug|x86.ActiveCfg = Debug|Any CPU
		{9A633970-AB80-4F15-B76D-057F4E527818}.Debug|x86.Build.0 = Debug|Any CPU
		{9A633970-AB80-4F15-B76D-057F4E527818}.Release|Any CPU.ActiveCfg = Release|Any CPU
		{9A633970-AB80-4F15-B76D-057F4E527818}.Release|Any CPU.Build.0 = Release|Any CPU
		{9A633970-AB80-4F15-B76D-057F4E527818}.Release|x86.ActiveCfg = Release|Any CPU
		{9A633970-AB80-4F15-B76D-057F4E527818}.Release|x86.Build.0 = Release|Any CPU
		{10C0362F-DF13-44F5-8D66-27513EC8F610}.Debug|Any CPU.ActiveCfg = Debug|Any CPU
		{10C0362F-DF13-44F5-8D66-27513EC8F610}.Debug|Any CPU.Build.0 = Debug|Any CPU
		{10C0362F-DF13-44F5-8D66-27513EC8F610}.Debug|x86.ActiveCfg = Debug|Any CPU
		{10C0362F-DF13-44F5-8D66-27513EC8F610}.Debug|x86.Build.0 = Debug|Any CPU
		{10C0362F-DF13-44F5-8D66-27513EC8F610}.Release|Any CPU.ActiveCfg = Release|Any CPU
		{10C0362F-DF13-44F5-8D66-27513EC8F610}.Release|Any CPU.Build.0 = Release|Any CPU
		{10C0362F-DF13-44F5-8D66-27513EC8F610}.Release|x86.ActiveCfg = Release|Any CPU
		{10C0362F-DF13-44F5-8D66-27513EC8F610}.Release|x86.Build.0 = Release|Any CPU
		{64A2935D-4027-4EFF-98FA-476FE23264B6}.Debug|Any CPU.ActiveCfg = Debug|Any CPU
		{64A2935D-4027-4EFF-98FA-476FE23264B6}.Debug|Any CPU.Build.0 = Debug|Any CPU
		{64A2935D-4027-4EFF-98FA-476FE23264B6}.Debug|x86.ActiveCfg = Debug|Any CPU
		{64A2935D-4027-4EFF-98FA-476FE23264B6}.Debug|x86.Build.0 = Debug|Any CPU
		{64A2935D-4027-4EFF-98FA-476FE23264B6}.Release|Any CPU.ActiveCfg = Release|Any CPU
		{64A2935D-4027-4EFF-98FA-476FE23264B6}.Release|Any CPU.Build.0 = Release|Any CPU
		{64A2935D-4027-4EFF-98FA-476FE23264B6}.Release|x86.ActiveCfg = Release|Any CPU
		{64A2935D-4027-4EFF-98FA-476FE23264B6}.Release|x86.Build.0 = Release|Any CPU
		{A843951A-1447-410E-9652-1CE1E9A8A555}.Debug|Any CPU.ActiveCfg = Debug|Any CPU
		{A843951A-1447-410E-9652-1CE1E9A8A555}.Debug|Any CPU.Build.0 = Debug|Any CPU
		{A843951A-1447-410E-9652-1CE1E9A8A555}.Debug|x86.ActiveCfg = Debug|Any CPU
		{A843951A-1447-410E-9652-1CE1E9A8A555}.Debug|x86.Build.0 = Debug|Any CPU
		{A843951A-1447-410E-9652-1CE1E9A8A555}.Release|Any CPU.ActiveCfg = Release|Any CPU
		{A843951A-1447-410E-9652-1CE1E9A8A555}.Release|Any CPU.Build.0 = Release|Any CPU
		{A843951A-1447-410E-9652-1CE1E9A8A555}.Release|x86.ActiveCfg = Release|Any CPU
		{A843951A-1447-410E-9652-1CE1E9A8A555}.Release|x86.Build.0 = Release|Any CPU
		{7215FDEC-2287-40AD-87BA-DA0A59684B7A}.Debug|Any CPU.ActiveCfg = Debug|Any CPU
		{7215FDEC-2287-40AD-87BA-DA0A59684B7A}.Debug|Any CPU.Build.0 = Debug|Any CPU
		{7215FDEC-2287-40AD-87BA-DA0A59684B7A}.Debug|x86.ActiveCfg = Debug|Any CPU
		{7215FDEC-2287-40AD-87BA-DA0A59684B7A}.Debug|x86.Build.0 = Debug|Any CPU
		{7215FDEC-2287-40AD-87BA-DA0A59684B7A}.Release|Any CPU.ActiveCfg = Release|Any CPU
		{7215FDEC-2287-40AD-87BA-DA0A59684B7A}.Release|Any CPU.Build.0 = Release|Any CPU
		{7215FDEC-2287-40AD-87BA-DA0A59684B7A}.Release|x86.ActiveCfg = Release|Any CPU
		{7215FDEC-2287-40AD-87BA-DA0A59684B7A}.Release|x86.Build.0 = Release|Any CPU
		{2585E575-C72D-4FFC-B365-8DCC44F298CD}.Debug|Any CPU.ActiveCfg = Debug|Any CPU
		{2585E575-C72D-4FFC-B365-8DCC44F298CD}.Debug|Any CPU.Build.0 = Debug|Any CPU
		{2585E575-C72D-4FFC-B365-8DCC44F298CD}.Debug|x86.ActiveCfg = Debug|Any CPU
		{2585E575-C72D-4FFC-B365-8DCC44F298CD}.Debug|x86.Build.0 = Debug|Any CPU
		{2585E575-C72D-4FFC-B365-8DCC44F298CD}.Release|Any CPU.ActiveCfg = Release|Any CPU
		{2585E575-C72D-4FFC-B365-8DCC44F298CD}.Release|Any CPU.Build.0 = Release|Any CPU
		{2585E575-C72D-4FFC-B365-8DCC44F298CD}.Release|x86.ActiveCfg = Release|Any CPU
		{2585E575-C72D-4FFC-B365-8DCC44F298CD}.Release|x86.Build.0 = Release|Any CPU
		{0B7AC5BC-303C-473D-AE19-D0E5557F26D9}.Debug|Any CPU.ActiveCfg = Debug|Any CPU
		{0B7AC5BC-303C-473D-AE19-D0E5557F26D9}.Debug|Any CPU.Build.0 = Debug|Any CPU
		{0B7AC5BC-303C-473D-AE19-D0E5557F26D9}.Debug|x86.ActiveCfg = Debug|Any CPU
		{0B7AC5BC-303C-473D-AE19-D0E5557F26D9}.Debug|x86.Build.0 = Debug|Any CPU
		{0B7AC5BC-303C-473D-AE19-D0E5557F26D9}.Release|Any CPU.ActiveCfg = Release|Any CPU
		{0B7AC5BC-303C-473D-AE19-D0E5557F26D9}.Release|Any CPU.Build.0 = Release|Any CPU
		{0B7AC5BC-303C-473D-AE19-D0E5557F26D9}.Release|x86.ActiveCfg = Release|Any CPU
		{0B7AC5BC-303C-473D-AE19-D0E5557F26D9}.Release|x86.Build.0 = Release|Any CPU
		{294AE615-6E08-4214-947D-150C4F8424E5}.Debug|Any CPU.ActiveCfg = Debug|Any CPU
		{294AE615-6E08-4214-947D-150C4F8424E5}.Debug|Any CPU.Build.0 = Debug|Any CPU
		{294AE615-6E08-4214-947D-150C4F8424E5}.Debug|x86.ActiveCfg = Debug|Any CPU
		{294AE615-6E08-4214-947D-150C4F8424E5}.Debug|x86.Build.0 = Debug|Any CPU
		{294AE615-6E08-4214-947D-150C4F8424E5}.Release|Any CPU.ActiveCfg = Release|Any CPU
		{294AE615-6E08-4214-947D-150C4F8424E5}.Release|Any CPU.Build.0 = Release|Any CPU
		{294AE615-6E08-4214-947D-150C4F8424E5}.Release|x86.ActiveCfg = Release|Any CPU
		{294AE615-6E08-4214-947D-150C4F8424E5}.Release|x86.Build.0 = Release|Any CPU
		{B1E0EED5-66F0-4545-A96C-CC59AA8CED36}.Debug|Any CPU.ActiveCfg = Debug|Any CPU
		{B1E0EED5-66F0-4545-A96C-CC59AA8CED36}.Debug|Any CPU.Build.0 = Debug|Any CPU
		{B1E0EED5-66F0-4545-A96C-CC59AA8CED36}.Debug|x86.ActiveCfg = Debug|Any CPU
		{B1E0EED5-66F0-4545-A96C-CC59AA8CED36}.Debug|x86.Build.0 = Debug|Any CPU
		{B1E0EED5-66F0-4545-A96C-CC59AA8CED36}.Release|Any CPU.ActiveCfg = Release|Any CPU
		{B1E0EED5-66F0-4545-A96C-CC59AA8CED36}.Release|Any CPU.Build.0 = Release|Any CPU
		{B1E0EED5-66F0-4545-A96C-CC59AA8CED36}.Release|x86.ActiveCfg = Release|Any CPU
		{B1E0EED5-66F0-4545-A96C-CC59AA8CED36}.Release|x86.Build.0 = Release|Any CPU
		{D9B2400A-0DDF-442C-8DEB-8DE02B93EAE0}.Debug|Any CPU.ActiveCfg = Debug|Any CPU
		{D9B2400A-0DDF-442C-8DEB-8DE02B93EAE0}.Debug|Any CPU.Build.0 = Debug|Any CPU
		{D9B2400A-0DDF-442C-8DEB-8DE02B93EAE0}.Debug|x86.ActiveCfg = Debug|Any CPU
		{D9B2400A-0DDF-442C-8DEB-8DE02B93EAE0}.Debug|x86.Build.0 = Debug|Any CPU
		{D9B2400A-0DDF-442C-8DEB-8DE02B93EAE0}.Release|Any CPU.ActiveCfg = Release|Any CPU
		{D9B2400A-0DDF-442C-8DEB-8DE02B93EAE0}.Release|Any CPU.Build.0 = Release|Any CPU
		{D9B2400A-0DDF-442C-8DEB-8DE02B93EAE0}.Release|x86.ActiveCfg = Release|Any CPU
		{D9B2400A-0DDF-442C-8DEB-8DE02B93EAE0}.Release|x86.Build.0 = Release|Any CPU
		{EB43A889-7097-4529-9FAC-AAB059D6FCE3}.Debug|Any CPU.ActiveCfg = Debug|Any CPU
		{EB43A889-7097-4529-9FAC-AAB059D6FCE3}.Debug|Any CPU.Build.0 = Debug|Any CPU
		{EB43A889-7097-4529-9FAC-AAB059D6FCE3}.Debug|x86.ActiveCfg = Debug|Any CPU
		{EB43A889-7097-4529-9FAC-AAB059D6FCE3}.Debug|x86.Build.0 = Debug|Any CPU
		{EB43A889-7097-4529-9FAC-AAB059D6FCE3}.Release|Any CPU.ActiveCfg = Release|Any CPU
		{EB43A889-7097-4529-9FAC-AAB059D6FCE3}.Release|Any CPU.Build.0 = Release|Any CPU
		{EB43A889-7097-4529-9FAC-AAB059D6FCE3}.Release|x86.ActiveCfg = Release|Any CPU
		{EB43A889-7097-4529-9FAC-AAB059D6FCE3}.Release|x86.Build.0 = Release|Any CPU
		{A19FB00D-FC72-48D6-8F4C-D63EA6734EF0}.Debug|Any CPU.ActiveCfg = Debug|Any CPU
		{A19FB00D-FC72-48D6-8F4C-D63EA6734EF0}.Debug|Any CPU.Build.0 = Debug|Any CPU
		{A19FB00D-FC72-48D6-8F4C-D63EA6734EF0}.Debug|x86.ActiveCfg = Debug|Any CPU
		{A19FB00D-FC72-48D6-8F4C-D63EA6734EF0}.Debug|x86.Build.0 = Debug|Any CPU
		{A19FB00D-FC72-48D6-8F4C-D63EA6734EF0}.Release|Any CPU.ActiveCfg = Release|Any CPU
		{A19FB00D-FC72-48D6-8F4C-D63EA6734EF0}.Release|Any CPU.Build.0 = Release|Any CPU
		{A19FB00D-FC72-48D6-8F4C-D63EA6734EF0}.Release|x86.ActiveCfg = Release|Any CPU
		{A19FB00D-FC72-48D6-8F4C-D63EA6734EF0}.Release|x86.Build.0 = Release|Any CPU
		{41F5D9FC-AA85-48C3-A3E2-6B3D0E33EEE9}.Debug|Any CPU.ActiveCfg = Debug|Any CPU
		{41F5D9FC-AA85-48C3-A3E2-6B3D0E33EEE9}.Debug|Any CPU.Build.0 = Debug|Any CPU
		{41F5D9FC-AA85-48C3-A3E2-6B3D0E33EEE9}.Debug|x86.ActiveCfg = Debug|Any CPU
		{41F5D9FC-AA85-48C3-A3E2-6B3D0E33EEE9}.Debug|x86.Build.0 = Debug|Any CPU
		{41F5D9FC-AA85-48C3-A3E2-6B3D0E33EEE9}.Release|Any CPU.ActiveCfg = Release|Any CPU
		{41F5D9FC-AA85-48C3-A3E2-6B3D0E33EEE9}.Release|Any CPU.Build.0 = Release|Any CPU
		{41F5D9FC-AA85-48C3-A3E2-6B3D0E33EEE9}.Release|x86.ActiveCfg = Release|Any CPU
		{41F5D9FC-AA85-48C3-A3E2-6B3D0E33EEE9}.Release|x86.Build.0 = Release|Any CPU
		{CC2738D0-1AF8-49A1-8DC0-4FC321054D9C}.Debug|Any CPU.ActiveCfg = Debug|Any CPU
		{CC2738D0-1AF8-49A1-8DC0-4FC321054D9C}.Debug|Any CPU.Build.0 = Debug|Any CPU
		{CC2738D0-1AF8-49A1-8DC0-4FC321054D9C}.Debug|x86.ActiveCfg = Debug|Any CPU
		{CC2738D0-1AF8-49A1-8DC0-4FC321054D9C}.Debug|x86.Build.0 = Debug|Any CPU
		{CC2738D0-1AF8-49A1-8DC0-4FC321054D9C}.Release|Any CPU.ActiveCfg = Release|Any CPU
		{CC2738D0-1AF8-49A1-8DC0-4FC321054D9C}.Release|Any CPU.Build.0 = Release|Any CPU
		{CC2738D0-1AF8-49A1-8DC0-4FC321054D9C}.Release|x86.ActiveCfg = Release|Any CPU
		{CC2738D0-1AF8-49A1-8DC0-4FC321054D9C}.Release|x86.Build.0 = Release|Any CPU
		{D25D6D80-943B-4D32-ADAF-56A913627276}.Debug|Any CPU.ActiveCfg = Debug|Any CPU
		{D25D6D80-943B-4D32-ADAF-56A913627276}.Debug|Any CPU.Build.0 = Debug|Any CPU
		{D25D6D80-943B-4D32-ADAF-56A913627276}.Debug|x86.ActiveCfg = Debug|Any CPU
		{D25D6D80-943B-4D32-ADAF-56A913627276}.Debug|x86.Build.0 = Debug|Any CPU
		{D25D6D80-943B-4D32-ADAF-56A913627276}.Release|Any CPU.ActiveCfg = Release|Any CPU
		{D25D6D80-943B-4D32-ADAF-56A913627276}.Release|Any CPU.Build.0 = Release|Any CPU
		{D25D6D80-943B-4D32-ADAF-56A913627276}.Release|x86.ActiveCfg = Release|Any CPU
		{D25D6D80-943B-4D32-ADAF-56A913627276}.Release|x86.Build.0 = Release|Any CPU
		{0B474372-74DC-43AB-AC77-B70E71FB111B}.Debug|Any CPU.ActiveCfg = Debug|Any CPU
		{0B474372-74DC-43AB-AC77-B70E71FB111B}.Debug|Any CPU.Build.0 = Debug|Any CPU
		{0B474372-74DC-43AB-AC77-B70E71FB111B}.Debug|x86.ActiveCfg = Debug|Any CPU
		{0B474372-74DC-43AB-AC77-B70E71FB111B}.Debug|x86.Build.0 = Debug|Any CPU
		{0B474372-74DC-43AB-AC77-B70E71FB111B}.Release|Any CPU.ActiveCfg = Release|Any CPU
		{0B474372-74DC-43AB-AC77-B70E71FB111B}.Release|Any CPU.Build.0 = Release|Any CPU
		{0B474372-74DC-43AB-AC77-B70E71FB111B}.Release|x86.ActiveCfg = Release|Any CPU
		{0B474372-74DC-43AB-AC77-B70E71FB111B}.Release|x86.Build.0 = Release|Any CPU
		{D0A616ED-CEB4-4528-B209-CA12B76318E1}.Debug|Any CPU.ActiveCfg = Debug|Any CPU
		{D0A616ED-CEB4-4528-B209-CA12B76318E1}.Debug|Any CPU.Build.0 = Debug|Any CPU
		{D0A616ED-CEB4-4528-B209-CA12B76318E1}.Debug|x86.ActiveCfg = Debug|x86
		{D0A616ED-CEB4-4528-B209-CA12B76318E1}.Debug|x86.Build.0 = Debug|x86
		{D0A616ED-CEB4-4528-B209-CA12B76318E1}.Release|Any CPU.ActiveCfg = Release|Any CPU
		{D0A616ED-CEB4-4528-B209-CA12B76318E1}.Release|Any CPU.Build.0 = Release|Any CPU
		{D0A616ED-CEB4-4528-B209-CA12B76318E1}.Release|x86.ActiveCfg = Release|x86
		{D0A616ED-CEB4-4528-B209-CA12B76318E1}.Release|x86.Build.0 = Release|x86
		{4FFEA7EB-64BE-4F94-A6BA-8209E06C5A7D}.Debug|Any CPU.ActiveCfg = Debug|Any CPU
		{4FFEA7EB-64BE-4F94-A6BA-8209E06C5A7D}.Debug|Any CPU.Build.0 = Debug|Any CPU
		{4FFEA7EB-64BE-4F94-A6BA-8209E06C5A7D}.Debug|x86.ActiveCfg = Debug|Any CPU
		{4FFEA7EB-64BE-4F94-A6BA-8209E06C5A7D}.Debug|x86.Build.0 = Debug|Any CPU
		{4FFEA7EB-64BE-4F94-A6BA-8209E06C5A7D}.Release|Any CPU.ActiveCfg = Release|Any CPU
		{4FFEA7EB-64BE-4F94-A6BA-8209E06C5A7D}.Release|Any CPU.Build.0 = Release|Any CPU
		{4FFEA7EB-64BE-4F94-A6BA-8209E06C5A7D}.Release|x86.ActiveCfg = Release|Any CPU
		{4FFEA7EB-64BE-4F94-A6BA-8209E06C5A7D}.Release|x86.Build.0 = Release|Any CPU
		{07684291-7F84-4ED9-9A9F-877DE9223789}.Debug|Any CPU.ActiveCfg = Debug|Any CPU
		{07684291-7F84-4ED9-9A9F-877DE9223789}.Debug|Any CPU.Build.0 = Debug|Any CPU
		{07684291-7F84-4ED9-9A9F-877DE9223789}.Debug|x86.ActiveCfg = Debug|Any CPU
		{07684291-7F84-4ED9-9A9F-877DE9223789}.Debug|x86.Build.0 = Debug|Any CPU
		{07684291-7F84-4ED9-9A9F-877DE9223789}.Release|Any CPU.ActiveCfg = Release|Any CPU
		{07684291-7F84-4ED9-9A9F-877DE9223789}.Release|Any CPU.Build.0 = Release|Any CPU
		{07684291-7F84-4ED9-9A9F-877DE9223789}.Release|x86.ActiveCfg = Release|Any CPU
		{07684291-7F84-4ED9-9A9F-877DE9223789}.Release|x86.Build.0 = Release|Any CPU
	EndGlobalSection
	GlobalSection(SolutionProperties) = preSolution
		HideSolutionNode = FALSE
	EndGlobalSection
	GlobalSection(NestedProjects) = preSolution
		{36D7CAE0-AF95-4085-84E9-186EF6958D87} = {02EA681E-C7D8-13C7-8484-4AC65E1B71E8}
		{D229852D-BDED-49F2-9F9E-C68276AB723C} = {02EA681E-C7D8-13C7-8484-4AC65E1B71E8}
		{346C88E6-EA74-4874-A334-8D7A200B9F10} = {648E4F96-B7AD-47A1-AA96-41BDE2AF8CFC}
		{D1DED8DE-1D5E-4ED7-901C-160C776FF7AD} = {648E4F96-B7AD-47A1-AA96-41BDE2AF8CFC}
		{BE615E3F-5074-45AA-9A14-321AF30F11C2} = {F51DBC2E-5DFA-4C9D-B8AF-5631BCDDD044}
		{A6E19732-C260-4009-AF4A-2748C0128243} = {857E8D71-050C-4846-BC98-E53074A42E17}
		{38A37FFB-4298-4E85-B348-F2A9AAF88F98} = {857E8D71-050C-4846-BC98-E53074A42E17}
		{9A633970-AB80-4F15-B76D-057F4E527818} = {E058EFC0-365D-4FA6-B69B-F2B8BA80E13E}
		{10C0362F-DF13-44F5-8D66-27513EC8F610} = {E7D93050-938A-4EFC-BDF0-F54BDC7C2693}
		{64A2935D-4027-4EFF-98FA-476FE23264B6} = {E7D93050-938A-4EFC-BDF0-F54BDC7C2693}
		{A843951A-1447-410E-9652-1CE1E9A8A555} = {E058EFC0-365D-4FA6-B69B-F2B8BA80E13E}
		{7215FDEC-2287-40AD-87BA-DA0A59684B7A} = {648E4F96-B7AD-47A1-AA96-41BDE2AF8CFC}
		{0B7AC5BC-303C-473D-AE19-D0E5557F26D9} = {648E4F96-B7AD-47A1-AA96-41BDE2AF8CFC}
		{294AE615-6E08-4214-947D-150C4F8424E5} = {648E4F96-B7AD-47A1-AA96-41BDE2AF8CFC}
		{B1E0EED5-66F0-4545-A96C-CC59AA8CED36} = {857E8D71-050C-4846-BC98-E53074A42E17}
		{D9B2400A-0DDF-442C-8DEB-8DE02B93EAE0} = {E7D93050-938A-4EFC-BDF0-F54BDC7C2693}
		{EB43A889-7097-4529-9FAC-AAB059D6FCE3} = {E7D93050-938A-4EFC-BDF0-F54BDC7C2693}
		{A19FB00D-FC72-48D6-8F4C-D63EA6734EF0} = {02EA681E-C7D8-13C7-8484-4AC65E1B71E8}
		{41F5D9FC-AA85-48C3-A3E2-6B3D0E33EEE9} = {02EA681E-C7D8-13C7-8484-4AC65E1B71E8}
		{CC2738D0-1AF8-49A1-8DC0-4FC321054D9C} = {F51DBC2E-5DFA-4C9D-B8AF-5631BCDDD044}
		{D25D6D80-943B-4D32-ADAF-56A913627276} = {648E4F96-B7AD-47A1-AA96-41BDE2AF8CFC}
		{0B474372-74DC-43AB-AC77-B70E71FB111B} = {02EA681E-C7D8-13C7-8484-4AC65E1B71E8}
		{D0A616ED-CEB4-4528-B209-CA12B76318E1} = {02EA681E-C7D8-13C7-8484-4AC65E1B71E8}
		{4FFEA7EB-64BE-4F94-A6BA-8209E06C5A7D} = {02EA681E-C7D8-13C7-8484-4AC65E1B71E8}
		{07684291-7F84-4ED9-9A9F-877DE9223789} = {02EA681E-C7D8-13C7-8484-4AC65E1B71E8}
		{E058EFC0-365D-4FA6-B69B-F2B8BA80E13E} = {07334EED-5C63-4299-895B-8D1E0312691D}
		{857E8D71-050C-4846-BC98-E53074A42E17} = {07334EED-5C63-4299-895B-8D1E0312691D}
		{E7D93050-938A-4EFC-BDF0-F54BDC7C2693} = {07334EED-5C63-4299-895B-8D1E0312691D}
	EndGlobalSection
	GlobalSection(ExtensibilityGlobals) = postSolution
		SolutionGuid = {71909636-254E-4F2E-8EE1-60DCF3AFEA19}
	EndGlobalSection
EndGlobal
