
Microsoft Visual Studio Solution File, Format Version 12.00
Project("{FAE04EC0-301F-11D3-BF4B-00C04F79EFBC}") = "Spring2021Challenge", "Spring2021Challenge\Spring2021Challenge.csproj", "{36D7CAE0-AF95-4085-84E9-186EF6958D87}"
EndProject
Project("{FAE04EC0-301F-11D3-BF4B-00C04F79EFBC}") = "Fall2020Challenge", "Fall2020Challenge\Fall2020Challenge.csproj", "{D229852D-BDED-49F2-9F9E-C68276AB723C}"
EndProject
Project("{FAE04EC0-301F-11D3-BF4B-00C04F79EFBC}") = "UltimateTicTacToe", "UltimateTicTacToe\UltimateTicTacToe.csproj", "{346C88E6-EA74-4874-A334-8D7A200B9F10}"
EndProject
Project("{FAE04EC0-301F-11D3-BF4B-00C04F79EFBC}") = "PowerOfThor_CodeGolf", "PowerOfThor_CodeGolf\PowerOfThor_CodeGolf.csproj", "{C51F05E8-40B3-459E-9CEB-92DDF84A449A}"
EndProject
Project("{FAE04EC0-301F-11D3-BF4B-00C04F79EFBC}") = "UltimateTicTacToeTest", "UltimateTicTacToeTest\UltimateTicTacToeTest.csproj", "{D1DED8DE-1D5E-4ED7-901C-160C776FF7AD}"
EndProject
Project("{FAE04EC0-301F-11D3-BF4B-00C04F79EFBC}") = "CodersStrikeBack", "CodersStrikeBack\CodersStrikeBack.csproj", "{18DA8468-B968-4517-8E00-B7038DBBCCC4}"
EndProject
Project("{FAE04EC0-301F-11D3-BF4B-00C04F79EFBC}") = "CodeVsZombies", "CodeVsZombies\CodeVsZombies.csproj", "{BE615E3F-5074-45AA-9A14-321AF30F11C2}"
EndProject
Project("{FAE04EC0-301F-11D3-BF4B-00C04F79EFBC}") = "DontPanic_Episode1", "DontPanic_Episode1\DontPanic_Episode1.csproj", "{A6E19732-C260-4009-AF4A-2748C0128243}"
EndProject
Project("{FAE04EC0-301F-11D3-BF4B-00C04F79EFBC}") = "War", "War\War.csproj", "{38A37FFB-4298-4E85-B348-F2A9AAF88F98}"
EndProject
Project("{FAE04EC0-301F-11D3-BF4B-00C04F79EFBC}") = "MarsLander", "MarsLander\MarsLander.csproj", "{9A633970-AB80-4F15-B76D-057F4E527818}"
EndProject
Global
	GlobalSection(SolutionConfigurationPlatforms) = preSolution
		Debug|Any CPU = Debug|Any CPU
		Release|Any CPU = Release|Any CPU
	EndGlobalSection
	GlobalSection(ProjectConfigurationPlatforms) = postSolution
		{36D7CAE0-AF95-4085-84E9-186EF6958D87}.Debug|Any CPU.ActiveCfg = Debug|Any CPU
		{36D7CAE0-AF95-4085-84E9-186EF6958D87}.Debug|Any CPU.Build.0 = Debug|Any CPU
		{36D7CAE0-AF95-4085-84E9-186EF6958D87}.Release|Any CPU.ActiveCfg = Release|Any CPU
		{36D7CAE0-AF95-4085-84E9-186EF6958D87}.Release|Any CPU.Build.0 = Release|Any CPU
		{D229852D-BDED-49F2-9F9E-C68276AB723C}.Debug|Any CPU.ActiveCfg = Debug|Any CPU
		{D229852D-BDED-49F2-9F9E-C68276AB723C}.Debug|Any CPU.Build.0 = Debug|Any CPU
		{D229852D-BDED-49F2-9F9E-C68276AB723C}.Release|Any CPU.ActiveCfg = Release|Any CPU
		{D229852D-BDED-49F2-9F9E-C68276AB723C}.Release|Any CPU.Build.0 = Release|Any CPU
		{346C88E6-EA74-4874-A334-8D7A200B9F10}.Debug|Any CPU.ActiveCfg = Debug|Any CPU
		{346C88E6-EA74-4874-A334-8D7A200B9F10}.Debug|Any CPU.Build.0 = Debug|Any CPU
		{346C88E6-EA74-4874-A334-8D7A200B9F10}.Release|Any CPU.ActiveCfg = Release|Any CPU
		{346C88E6-EA74-4874-A334-8D7A200B9F10}.Release|Any CPU.Build.0 = Release|Any CPU
		{C51F05E8-40B3-459E-9CEB-92DDF84A449A}.Debug|Any CPU.ActiveCfg = Debug|Any CPU
		{C51F05E8-40B3-459E-9CEB-92DDF84A449A}.Debug|Any CPU.Build.0 = Debug|Any CPU
		{C51F05E8-40B3-459E-9CEB-92DDF84A449A}.Release|Any CPU.ActiveCfg = Release|Any CPU
		{C51F05E8-40B3-459E-9CEB-92DDF84A449A}.Release|Any CPU.Build.0 = Release|Any CPU
		{D1DED8DE-1D5E-4ED7-901C-160C776FF7AD}.Debug|Any CPU.ActiveCfg = Debug|Any CPU
		{D1DED8DE-1D5E-4ED7-901C-160C776FF7AD}.Debug|Any CPU.Build.0 = Debug|Any CPU
		{D1DED8DE-1D5E-4ED7-901C-160C776FF7AD}.Release|Any CPU.ActiveCfg = Release|Any CPU
		{D1DED8DE-1D5E-4ED7-901C-160C776FF7AD}.Release|Any CPU.Build.0 = Release|Any CPU
		{18DA8468-B968-4517-8E00-B7038DBBCCC4}.Debug|Any CPU.ActiveCfg = Debug|Any CPU
		{18DA8468-B968-4517-8E00-B7038DBBCCC4}.Debug|Any CPU.Build.0 = Debug|Any CPU
		{18DA8468-B968-4517-8E00-B7038DBBCCC4}.Release|Any CPU.ActiveCfg = Release|Any CPU
		{18DA8468-B968-4517-8E00-B7038DBBCCC4}.Release|Any CPU.Build.0 = Release|Any CPU
		{BE615E3F-5074-45AA-9A14-321AF30F11C2}.Debug|Any CPU.ActiveCfg = Debug|Any CPU
		{BE615E3F-5074-45AA-9A14-321AF30F11C2}.Debug|Any CPU.Build.0 = Debug|Any CPU
		{BE615E3F-5074-45AA-9A14-321AF30F11C2}.Release|Any CPU.ActiveCfg = Release|Any CPU
		{BE615E3F-5074-45AA-9A14-321AF30F11C2}.Release|Any CPU.Build.0 = Release|Any CPU
		{A6E19732-C260-4009-AF4A-2748C0128243}.Debug|Any CPU.ActiveCfg = Debug|Any CPU
		{A6E19732-C260-4009-AF4A-2748C0128243}.Debug|Any CPU.Build.0 = Debug|Any CPU
		{A6E19732-C260-4009-AF4A-2748C0128243}.Release|Any CPU.ActiveCfg = Release|Any CPU
		{A6E19732-C260-4009-AF4A-2748C0128243}.Release|Any CPU.Build.0 = Release|Any CPU
		{38A37FFB-4298-4E85-B348-F2A9AAF88F98}.Debug|Any CPU.ActiveCfg = Debug|Any CPU
		{38A37FFB-4298-4E85-B348-F2A9AAF88F98}.Debug|Any CPU.Build.0 = Debug|Any CPU
		{38A37FFB-4298-4E85-B348-F2A9AAF88F98}.Release|Any CPU.ActiveCfg = Release|Any CPU
		{38A37FFB-4298-4E85-B348-F2A9AAF88F98}.Release|Any CPU.Build.0 = Release|Any CPU
		{9A633970-AB80-4F15-B76D-057F4E527818}.Debug|Any CPU.ActiveCfg = Debug|Any CPU
		{9A633970-AB80-4F15-B76D-057F4E527818}.Debug|Any CPU.Build.0 = Debug|Any CPU
		{9A633970-AB80-4F15-B76D-057F4E527818}.Release|Any CPU.ActiveCfg = Release|Any CPU
		{9A633970-AB80-4F15-B76D-057F4E527818}.Release|Any CPU.Build.0 = Release|Any CPU
	EndGlobalSection
EndGlobal
